
Microsoft Visual Studio Solution File, Format Version 12.00
# Visual Studio 15
VisualStudioVersion = 15.0.28307.168
MinimumVisualStudioVersion = 10.0.40219.1
Project("{9A19103F-16F7-4668-BE54-9A1E7A4F7556}") = "URLShortner.Web", "URLShortner.Web\URLShortner.Web.csproj", "{EE23F997-2718-4646-9809-9251C5965500}"
EndProject
Project("{9A19103F-16F7-4668-BE54-9A1E7A4F7556}") = "URLShortner.Data", "URLShortner.Data\URLShortner.Data.csproj", "{BF7FAA26-5769-4177-A8EE-FD4748429543}"
EndProject
Global
	GlobalSection(SolutionConfigurationPlatforms) = preSolution
		Debug|Any CPU = Debug|Any CPU
		Release|Any CPU = Release|Any CPU
	EndGlobalSection
	GlobalSection(ProjectConfigurationPlatforms) = postSolution
		{EE23F997-2718-4646-9809-9251C5965500}.Debug|Any CPU.ActiveCfg = Debug|Any CPU
		{EE23F997-2718-4646-9809-9251C5965500}.Debug|Any CPU.Build.0 = Debug|Any CPU
		{EE23F997-2718-4646-9809-9251C5965500}.Release|Any CPU.ActiveCfg = Release|Any CPU
		{EE23F997-2718-4646-9809-9251C5965500}.Release|Any CPU.Build.0 = Release|Any CPU
		{BF7FAA26-5769-4177-A8EE-FD4748429543}.Debug|Any CPU.ActiveCfg = Debug|Any CPU
		{BF7FAA26-5769-4177-A8EE-FD4748429543}.Debug|Any CPU.Build.0 = Debug|Any CPU
		{BF7FAA26-5769-4177-A8EE-FD4748429543}.Release|Any CPU.ActiveCfg = Release|Any CPU
		{BF7FAA26-5769-4177-A8EE-FD4748429543}.Release|Any CPU.Build.0 = Release|Any CPU
	EndGlobalSection
	GlobalSection(SolutionProperties) = preSolution
		HideSolutionNode = FALSE
	EndGlobalSection
	GlobalSection(ExtensibilityGlobals) = postSolution
		SolutionGuid = {953CA415-D102-4C4A-B51D-D02380AE1DE5}
	EndGlobalSection
EndGlobal
